
Microsoft Visual Studio Solution File, Format Version 12.00
# Visual Studio 14
VisualStudioVersion = 14.0.25420.1
MinimumVisualStudioVersion = 10.0.40219.1
Project("{FAE04EC0-301F-11D3-BF4B-00C04F79EFBC}") = "CognitiveServicesDemos", "CognitiveServicesDemos\CognitiveServicesDemos.csproj", "{31DDF08D-A5B8-4629-905E-350CF16E691B}"
EndProject
Global
	GlobalSection(SolutionConfigurationPlatforms) = preSolution
		Debug|Any CPU = Debug|Any CPU
		Release|Any CPU = Release|Any CPU
	EndGlobalSection
	GlobalSection(ProjectConfigurationPlatforms) = postSolution
		{31DDF08D-A5B8-4629-905E-350CF16E691B}.Debug|Any CPU.ActiveCfg = Debug|Any CPU
		{31DDF08D-A5B8-4629-905E-350CF16E691B}.Debug|Any CPU.Build.0 = Debug|Any CPU
		{31DDF08D-A5B8-4629-905E-350CF16E691B}.Release|Any CPU.ActiveCfg = Release|Any CPU
		{31DDF08D-A5B8-4629-905E-350CF16E691B}.Release|Any CPU.Build.0 = Release|Any CPU
	EndGlobalSection
	GlobalSection(SolutionProperties) = preSolution
		HideSolutionNode = FALSE
	EndGlobalSection
EndGlobal
